
Microsoft Visual Studio Solution File, Format Version 12.00
# Visual Studio Version 16
VisualStudioVersion = 16.0.31112.23
MinimumVisualStudioVersion = 10.0.40219.1
Project("{9A19103F-16F7-4668-BE54-9A1E7A4F7556}") = "MrClocker", "MrClocker\MrClocker\MrClocker.csproj", "{335EC299-27D2-42BA-AD61-30D43F853DE9}"
EndProject
Project("{FAE04EC0-301F-11D3-BF4B-00C04F79EFBC}") = "MrClocker.Android", "MrClocker\MrClocker.Android\MrClocker.Android.csproj", "{21DCE969-7AC4-4BF5-A491-78FBB7EEAF5A}"
EndProject
Project("{FAE04EC0-301F-11D3-BF4B-00C04F79EFBC}") = "MrClocker.UWP", "MrClocker\MrClocker.UWP\MrClocker.UWP.csproj", "{45BFD7B4-3FBC-468B-A9CF-EDB42C54B868}"
EndProject
Project("{2150E333-8FDC-42A3-9474-1A3956D46DE8}") = "AllarmerWPF", "AllarmerWPF", "{C5A2BC56-04D8-4436-B616-6EE842D08D13}"
EndProject
Project("{FAE04EC0-301F-11D3-BF4B-00C04F79EFBC}") = "MrAllarmer", "MrAllarmer\MrAllarmer.csproj", "{C8B3A62D-F4FE-4454-A84D-03DD0374E2FB}"
EndProject
Global
	GlobalSection(SolutionConfigurationPlatforms) = preSolution
		Debug|Any CPU = Debug|Any CPU
		Debug|ARM = Debug|ARM
		Debug|x64 = Debug|x64
		Debug|x86 = Debug|x86
		Release|Any CPU = Release|Any CPU
		Release|ARM = Release|ARM
		Release|x64 = Release|x64
		Release|x86 = Release|x86
	EndGlobalSection
	GlobalSection(ProjectConfigurationPlatforms) = postSolution
		{335EC299-27D2-42BA-AD61-30D43F853DE9}.Debug|Any CPU.ActiveCfg = Debug|Any CPU
		{335EC299-27D2-42BA-AD61-30D43F853DE9}.Debug|Any CPU.Build.0 = Debug|Any CPU
		{335EC299-27D2-42BA-AD61-30D43F853DE9}.Debug|ARM.ActiveCfg = Debug|Any CPU
		{335EC299-27D2-42BA-AD61-30D43F853DE9}.Debug|ARM.Build.0 = Debug|Any CPU
		{335EC299-27D2-42BA-AD61-30D43F853DE9}.Debug|x64.ActiveCfg = Debug|Any CPU
		{335EC299-27D2-42BA-AD61-30D43F853DE9}.Debug|x64.Build.0 = Debug|Any CPU
		{335EC299-27D2-42BA-AD61-30D43F853DE9}.Debug|x86.ActiveCfg = Debug|Any CPU
		{335EC299-27D2-42BA-AD61-30D43F853DE9}.Debug|x86.Build.0 = Debug|Any CPU
		{335EC299-27D2-42BA-AD61-30D43F853DE9}.Release|Any CPU.ActiveCfg = Release|Any CPU
		{335EC299-27D2-42BA-AD61-30D43F853DE9}.Release|Any CPU.Build.0 = Release|Any CPU
		{335EC299-27D2-42BA-AD61-30D43F853DE9}.Release|ARM.ActiveCfg = Release|Any CPU
		{335EC299-27D2-42BA-AD61-30D43F853DE9}.Release|ARM.Build.0 = Release|Any CPU
		{335EC299-27D2-42BA-AD61-30D43F853DE9}.Release|x64.ActiveCfg = Release|Any CPU
		{335EC299-27D2-42BA-AD61-30D43F853DE9}.Release|x64.Build.0 = Release|Any CPU
		{335EC299-27D2-42BA-AD61-30D43F853DE9}.Release|x86.ActiveCfg = Release|Any CPU
		{335EC299-27D2-42BA-AD61-30D43F853DE9}.Release|x86.Build.0 = Release|Any CPU
		{21DCE969-7AC4-4BF5-A491-78FBB7EEAF5A}.Debug|Any CPU.ActiveCfg = Debug|Any CPU
		{21DCE969-7AC4-4BF5-A491-78FBB7EEAF5A}.Debug|Any CPU.Build.0 = Debug|Any CPU
		{21DCE969-7AC4-4BF5-A491-78FBB7EEAF5A}.Debug|Any CPU.Deploy.0 = Debug|Any CPU
		{21DCE969-7AC4-4BF5-A491-78FBB7EEAF5A}.Debug|ARM.ActiveCfg = Debug|Any CPU
		{21DCE969-7AC4-4BF5-A491-78FBB7EEAF5A}.Debug|ARM.Build.0 = Debug|Any CPU
		{21DCE969-7AC4-4BF5-A491-78FBB7EEAF5A}.Debug|ARM.Deploy.0 = Debug|Any CPU
		{21DCE969-7AC4-4BF5-A491-78FBB7EEAF5A}.Debug|x64.ActiveCfg = Debug|Any CPU
		{21DCE969-7AC4-4BF5-A491-78FBB7EEAF5A}.Debug|x64.Build.0 = Debug|Any CPU
		{21DCE969-7AC4-4BF5-A491-78FBB7EEAF5A}.Debug|x64.Deploy.0 = Debug|Any CPU
		{21DCE969-7AC4-4BF5-A491-78FBB7EEAF5A}.Debug|x86.ActiveCfg = Debug|Any CPU
		{21DCE969-7AC4-4BF5-A491-78FBB7EEAF5A}.Debug|x86.Build.0 = Debug|Any CPU
		{21DCE969-7AC4-4BF5-A491-78FBB7EEAF5A}.Debug|x86.Deploy.0 = Debug|Any CPU
		{21DCE969-7AC4-4BF5-A491-78FBB7EEAF5A}.Release|Any CPU.ActiveCfg = Release|Any CPU
		{21DCE969-7AC4-4BF5-A491-78FBB7EEAF5A}.Release|Any CPU.Build.0 = Release|Any CPU
		{21DCE969-7AC4-4BF5-A491-78FBB7EEAF5A}.Release|Any CPU.Deploy.0 = Release|Any CPU
		{21DCE969-7AC4-4BF5-A491-78FBB7EEAF5A}.Release|ARM.ActiveCfg = Release|Any CPU
		{21DCE969-7AC4-4BF5-A491-78FBB7EEAF5A}.Release|ARM.Build.0 = Release|Any CPU
		{21DCE969-7AC4-4BF5-A491-78FBB7EEAF5A}.Release|ARM.Deploy.0 = Release|Any CPU
		{21DCE969-7AC4-4BF5-A491-78FBB7EEAF5A}.Release|x64.ActiveCfg = Release|Any CPU
		{21DCE969-7AC4-4BF5-A491-78FBB7EEAF5A}.Release|x64.Build.0 = Release|Any CPU
		{21DCE969-7AC4-4BF5-A491-78FBB7EEAF5A}.Release|x64.Deploy.0 = Release|Any CPU
		{21DCE969-7AC4-4BF5-A491-78FBB7EEAF5A}.Release|x86.ActiveCfg = Release|Any CPU
		{21DCE969-7AC4-4BF5-A491-78FBB7EEAF5A}.Release|x86.Build.0 = Release|Any CPU
		{21DCE969-7AC4-4BF5-A491-78FBB7EEAF5A}.Release|x86.Deploy.0 = Release|Any CPU
		{45BFD7B4-3FBC-468B-A9CF-EDB42C54B868}.Debug|Any CPU.ActiveCfg = Debug|x86
		{45BFD7B4-3FBC-468B-A9CF-EDB42C54B868}.Debug|ARM.ActiveCfg = Debug|ARM
		{45BFD7B4-3FBC-468B-A9CF-EDB42C54B868}.Debug|ARM.Build.0 = Debug|ARM
		{45BFD7B4-3FBC-468B-A9CF-EDB42C54B868}.Debug|ARM.Deploy.0 = Debug|ARM
		{45BFD7B4-3FBC-468B-A9CF-EDB42C54B868}.Debug|x64.ActiveCfg = Debug|x64
		{45BFD7B4-3FBC-468B-A9CF-EDB42C54B868}.Debug|x64.Build.0 = Debug|x64
		{45BFD7B4-3FBC-468B-A9CF-EDB42C54B868}.Debug|x64.Deploy.0 = Debug|x64
		{45BFD7B4-3FBC-468B-A9CF-EDB42C54B868}.Debug|x86.ActiveCfg = Debug|x86
		{45BFD7B4-3FBC-468B-A9CF-EDB42C54B868}.Debug|x86.Build.0 = Debug|x86
		{45BFD7B4-3FBC-468B-A9CF-EDB42C54B868}.Debug|x86.Deploy.0 = Debug|x86
		{45BFD7B4-3FBC-468B-A9CF-EDB42C54B868}.Release|Any CPU.ActiveCfg = Release|x86
		{45BFD7B4-3FBC-468B-A9CF-EDB42C54B868}.Release|ARM.ActiveCfg = Release|ARM
		{45BFD7B4-3FBC-468B-A9CF-EDB42C54B868}.Release|ARM.Build.0 = Release|ARM
		{45BFD7B4-3FBC-468B-A9CF-EDB42C54B868}.Release|ARM.Deploy.0 = Release|ARM
		{45BFD7B4-3FBC-468B-A9CF-EDB42C54B868}.Release|x64.ActiveCfg = Release|x64
		{45BFD7B4-3FBC-468B-A9CF-EDB42C54B868}.Release|x64.Build.0 = Release|x64
		{45BFD7B4-3FBC-468B-A9CF-EDB42C54B868}.Release|x64.Deploy.0 = Release|x64
		{45BFD7B4-3FBC-468B-A9CF-EDB42C54B868}.Release|x86.ActiveCfg = Release|x86
		{45BFD7B4-3FBC-468B-A9CF-EDB42C54B868}.Release|x86.Build.0 = Release|x86
		{45BFD7B4-3FBC-468B-A9CF-EDB42C54B868}.Release|x86.Deploy.0 = Release|x86
		{C8B3A62D-F4FE-4454-A84D-03DD0374E2FB}.Debug|Any CPU.ActiveCfg = Debug|Any CPU
		{C8B3A62D-F4FE-4454-A84D-03DD0374E2FB}.Debug|Any CPU.Build.0 = Debug|Any CPU
		{C8B3A62D-F4FE-4454-A84D-03DD0374E2FB}.Debug|ARM.ActiveCfg = Debug|Any CPU
		{C8B3A62D-F4FE-4454-A84D-03DD0374E2FB}.Debug|ARM.Build.0 = Debug|Any CPU
		{C8B3A62D-F4FE-4454-A84D-03DD0374E2FB}.Debug|x64.ActiveCfg = Debug|Any CPU
		{C8B3A62D-F4FE-4454-A84D-03DD0374E2FB}.Debug|x64.Build.0 = Debug|Any CPU
		{C8B3A62D-F4FE-4454-A84D-03DD0374E2FB}.Debug|x86.ActiveCfg = Debug|Any CPU
		{C8B3A62D-F4FE-4454-A84D-03DD0374E2FB}.Debug|x86.Build.0 = Debug|Any CPU
		{C8B3A62D-F4FE-4454-A84D-03DD0374E2FB}.Release|Any CPU.ActiveCfg = Release|Any CPU
		{C8B3A62D-F4FE-4454-A84D-03DD0374E2FB}.Release|Any CPU.Build.0 = Release|Any CPU
		{C8B3A62D-F4FE-4454-A84D-03DD0374E2FB}.Release|ARM.ActiveCfg = Release|Any CPU
		{C8B3A62D-F4FE-4454-A84D-03DD0374E2FB}.Release|ARM.Build.0 = Release|Any CPU
		{C8B3A62D-F4FE-4454-A84D-03DD0374E2FB}.Release|x64.ActiveCfg = Release|Any CPU
		{C8B3A62D-F4FE-4454-A84D-03DD0374E2FB}.Release|x64.Build.0 = Release|Any CPU
		{C8B3A62D-F4FE-4454-A84D-03DD0374E2FB}.Release|x86.ActiveCfg = Release|Any CPU
		{C8B3A62D-F4FE-4454-A84D-03DD0374E2FB}.Release|x86.Build.0 = Release|Any CPU
	EndGlobalSection
	GlobalSection(SolutionProperties) = preSolution
		HideSolutionNode = FALSE
	EndGlobalSection
	GlobalSection(NestedProjects) = preSolution
		{C8B3A62D-F4FE-4454-A84D-03DD0374E2FB} = {C5A2BC56-04D8-4436-B616-6EE842D08D13}
	EndGlobalSection
	GlobalSection(ExtensibilityGlobals) = postSolution
		SolutionGuid = {9B6709DE-58D3-4BEB-9470-F1C197EF6D02}
	EndGlobalSection
EndGlobal
