
Microsoft Visual Studio Solution File, Format Version 12.00
# Visual Studio Version 16
VisualStudioVersion = 16.0.31112.23
MinimumVisualStudioVersion = 10.0.40219.1
Project("{2150E333-8FDC-42A3-9474-1A3956D46DE8}") = "AllarmerWPF", "AllarmerWPF", "{C5A2BC56-04D8-4436-B616-6EE842D08D13}"
EndProject
Project("{9A19103F-16F7-4668-BE54-9A1E7A4F7556}") = "MrAllarmer", "MrAllarmer\MrAllarmer.csproj", "{C8B3A62D-F4FE-4454-A84D-03DD0374E2FB}"
EndProject
Project("{2150E333-8FDC-42A3-9474-1A3956D46DE8}") = "Services", "Services", "{ECCDBFD7-3928-4057-9106-8B7B18641A9C}"
EndProject
Project("{2150E333-8FDC-42A3-9474-1A3956D46DE8}") = "App", "App", "{CC9EBA0D-0672-4129-A90F-11416516E235}"
EndProject
Global
	GlobalSection(SolutionConfigurationPlatforms) = preSolution
		Debug|Any CPU = Debug|Any CPU
		Debug|ARM = Debug|ARM
		Debug|x64 = Debug|x64
		Debug|x86 = Debug|x86
		Release|Any CPU = Release|Any CPU
		Release|ARM = Release|ARM
		Release|x64 = Release|x64
		Release|x86 = Release|x86
	EndGlobalSection
	GlobalSection(ProjectConfigurationPlatforms) = postSolution
		{C8B3A62D-F4FE-4454-A84D-03DD0374E2FB}.Debug|Any CPU.ActiveCfg = Debug|Any CPU
		{C8B3A62D-F4FE-4454-A84D-03DD0374E2FB}.Debug|Any CPU.Build.0 = Debug|Any CPU
		{C8B3A62D-F4FE-4454-A84D-03DD0374E2FB}.Debug|ARM.ActiveCfg = Debug|Any CPU
		{C8B3A62D-F4FE-4454-A84D-03DD0374E2FB}.Debug|ARM.Build.0 = Debug|Any CPU
		{C8B3A62D-F4FE-4454-A84D-03DD0374E2FB}.Debug|x64.ActiveCfg = Debug|Any CPU
		{C8B3A62D-F4FE-4454-A84D-03DD0374E2FB}.Debug|x64.Build.0 = Debug|Any CPU
		{C8B3A62D-F4FE-4454-A84D-03DD0374E2FB}.Debug|x86.ActiveCfg = Debug|Any CPU
		{C8B3A62D-F4FE-4454-A84D-03DD0374E2FB}.Debug|x86.Build.0 = Debug|Any CPU
		{C8B3A62D-F4FE-4454-A84D-03DD0374E2FB}.Release|Any CPU.ActiveCfg = Release|Any CPU
		{C8B3A62D-F4FE-4454-A84D-03DD0374E2FB}.Release|Any CPU.Build.0 = Release|Any CPU
		{C8B3A62D-F4FE-4454-A84D-03DD0374E2FB}.Release|ARM.ActiveCfg = Release|Any CPU
		{C8B3A62D-F4FE-4454-A84D-03DD0374E2FB}.Release|ARM.Build.0 = Release|Any CPU
		{C8B3A62D-F4FE-4454-A84D-03DD0374E2FB}.Release|x64.ActiveCfg = Release|Any CPU
		{C8B3A62D-F4FE-4454-A84D-03DD0374E2FB}.Release|x64.Build.0 = Release|Any CPU
		{C8B3A62D-F4FE-4454-A84D-03DD0374E2FB}.Release|x86.ActiveCfg = Release|Any CPU
		{C8B3A62D-F4FE-4454-A84D-03DD0374E2FB}.Release|x86.Build.0 = Release|Any CPU
	EndGlobalSection
	GlobalSection(SolutionProperties) = preSolution
		HideSolutionNode = FALSE
	EndGlobalSection
	GlobalSection(NestedProjects) = preSolution
		{C8B3A62D-F4FE-4454-A84D-03DD0374E2FB} = {CC9EBA0D-0672-4129-A90F-11416516E235}
		{CC9EBA0D-0672-4129-A90F-11416516E235} = {C5A2BC56-04D8-4436-B616-6EE842D08D13}
	EndGlobalSection
	GlobalSection(ExtensibilityGlobals) = postSolution
		SolutionGuid = {9B6709DE-58D3-4BEB-9470-F1C197EF6D02}
	EndGlobalSection
EndGlobal
